
Microsoft Visual Studio Solution File, Format Version 12.00
# Visual Studio Version 17
VisualStudioVersion = 17.3.32728.150
MinimumVisualStudioVersion = 10.0.40219.1
Project("{FAE04EC0-301F-11D3-BF4B-00C04F79EFBC}") = "MyNotepad", "MyNotepad\MyNotepad.csproj", "{FA3335E0-4D68-4C76-BDA8-9C5577E06690}"
EndProject
Global
	GlobalSection(SolutionConfigurationPlatforms) = preSolution
		Debug|Any CPU = Debug|Any CPU
		Release|Any CPU = Release|Any CPU
	EndGlobalSection
	GlobalSection(ProjectConfigurationPlatforms) = postSolution
		{FA3335E0-4D68-4C76-BDA8-9C5577E06690}.Debug|Any CPU.ActiveCfg = Debug|Any CPU
		{FA3335E0-4D68-4C76-BDA8-9C5577E06690}.Debug|Any CPU.Build.0 = Debug|Any CPU
		{FA3335E0-4D68-4C76-BDA8-9C5577E06690}.Release|Any CPU.ActiveCfg = Release|Any CPU
		{FA3335E0-4D68-4C76-BDA8-9C5577E06690}.Release|Any CPU.Build.0 = Release|Any CPU
	EndGlobalSection
	GlobalSection(SolutionProperties) = preSolution
		HideSolutionNode = FALSE
	EndGlobalSection
	GlobalSection(ExtensibilityGlobals) = postSolution
		SolutionGuid = {B20B7C48-CE98-49DD-BAD9-162F2F630647}
	EndGlobalSection
EndGlobal
